{
  "name": "4.5",
  "lockfileVersion": 2,
  "requires": true,
  "packages": {
    "": {
      "dependencies": {
        "types-registry": "^0.1.579"
      }
    },
    "node_modules/types-registry": {
      "version": "0.1.579",
      "resolved": "https://registry.npmjs.org/types-registry/-/types-registry-0.1.579.tgz",
      "integrity": "sha512-WDwOzB8U+fgb1hgoHdtRhqiFNVuPMqCRAP0T2AK7+feAyBz3J4fndIlOYsVN9+5ooqhYpiGihayqVty5Noz2gA=="
    }
  },
  "dependencies": {
    "types-registry": {
      "version": "0.1.579",
      "resolved": "https://registry.npmjs.org/types-registry/-/types-registry-0.1.579.tgz",
      "integrity": "sha512-WDwOzB8U+fgb1hgoHdtRhqiFNVuPMqCRAP0T2AK7+feAyBz3J4fndIlOYsVN9+5ooqhYpiGihayqVty5Noz2gA=="
    }
  }
}
